// !$*UTF8*$!
{
	archiveVersion = 1;
	classes = {
	};
	objectVersion = 48;
	objects = {

/* Begin PBXBuildFile section */
		C0DBC1CE1FD6C06F00C42DCB /* AppDelegate.m in Sources */ = {isa = PBXBuildFile; fileRef = C0DBC1CD1FD6C06F00C42DCB /* AppDelegate.m */; };
		C0DBC1D11FD6C06F00C42DCB /* ViewController.m in Sources */ = {isa = PBXBuildFile; fileRef = C0DBC1D01FD6C06F00C42DCB /* ViewController.m */; };
		C0DBC1D41FD6C06F00C42DCB /* Main.storyboard in Resources */ = {isa = PBXBuildFile; fileRef = C0DBC1D21FD6C06F00C42DCB /* Main.storyboard */; };
		C0DBC1D61FD6C06F00C42DCB /* Assets.xcassets in Resources */ = {isa = PBXBuildFile; fileRef = C0DBC1D51FD6C06F00C42DCB /* Assets.xcassets */; };
		C0DBC1D91FD6C06F00C42DCB /* LaunchScreen.storyboard in Resources */ = {isa = PBXBuildFile; fileRef = C0DBC1D71FD6C06F00C42DCB /* LaunchScreen.storyboard */; };
		C0DBC1DC1FD6C06F00C42DCB /* main.m in Sources */ = {isa = PBXBuildFile; fileRef = C0DBC1DB1FD6C06F00C42DCB /* main.m */; };
/* End PBXBuildFile section */

/* Begin PBXFileReference section */
		C0DBC1C91FD6C06F00C42DCB /* AFNetworkingTest.app */ = {isa = PBXFileReference; explicitFileType = wrapper.application; includeInIndex = 0; path = AFNetworkingTest.app; sourceTree = BUILT_PRODUCTS_DIR; };
		C0DBC1CC1FD6C06F00C42DCB /* AppDelegate.h */ = {isa = PBXFileReference; lastKnownFileType = sourcecode.c.h; path = AppDelegate.h; sourceTree = "<group>"; };
		C0DBC1CD1FD6C06F00C42DCB /* AppDelegate.m */ = {isa = PBXFileReference; lastKnownFileType = sourcecode.c.objc; path = AppDelegate.m; sourceTree = "<group>"; };
		C0DBC1CF1FD6C06F00C42DCB /* ViewController.h */ = {isa = PBXFileReference; lastKnownFileType = sourcecode.c.h; path = ViewController.h; sourceTree = "<group>"; };
		C0DBC1D01FD6C06F00C42DCB /* ViewController.m */ = {isa = PBXFileReference; lastKnownFileType = sourcecode.c.objc; path = ViewController.m; sourceTree = "<group>"; };
		C0DBC1D31FD6C06F00C42DCB /* Base */ = {isa = PBXFileReference; lastKnownFileType = file.storyboard; name = Base; path = Base.lproj/Main.storyboard; sourceTree = "<group>"; };
		C0DBC1D51FD6C06F00C42DCB /* Assets.xcassets */ = {isa = PBXFileReference; lastKnownFileType = folder.assetcatalog; path = Assets.xcassets; sourceTree = "<group>"; };
		C0DBC1D81FD6C06F00C42DCB /* Base */ = {isa = PBXFileReference; lastKnownFileType = file.storyboard; name = Base; path = Base.lproj/LaunchScreen.storyboard; sourceTree = "<group>"; };
		C0DBC1DA1FD6C06F00C42DCB /* Info.plist */ = {isa = PBXFileReference; lastKnownFileType = text.plist.xml; path = Info.plist; sourceTree = "<group>"; };
		C0DBC1DB1FD6C06F00C42DCB /* main.m */ = {isa = PBXFileReference; lastKnownFileType = sourcecode.c.objc; path = main.m; sourceTree = "<group>"; };
		C0DBC1E41FD6C08100C42DCB /* AFHTTPSessionManager.h */ = {isa = PBXFileReference; lastKnownFileType = sourcecode.c.h; path = AFHTTPSessionManager.h; sourceTree = "<group>"; };
		C0DBC1E51FD6C08100C42DCB /* AFHTTPSessionManager.m */ = {isa = PBXFileReference; lastKnownFileType = sourcecode.c.objc; path = AFHTTPSessionManager.m; sourceTree = "<group>"; };
		C0DBC1E61FD6C08100C42DCB /* AFNetworking.h */ = {isa = PBXFileReference; lastKnownFileType = sourcecode.c.h; path = AFNetworking.h; sourceTree = "<group>"; };
		C0DBC1E71FD6C08100C42DCB /* AFNetworkReachabilityManager.h */ = {isa = PBXFileReference; lastKnownFileType = sourcecode.c.h; path = AFNetworkReachabilityManager.h; sourceTree = "<group>"; };
		C0DBC1E81FD6C08100C42DCB /* AFNetworkReachabilityManager.m */ = {isa = PBXFileReference; lastKnownFileType = sourcecode.c.objc; path = AFNetworkReachabilityManager.m; sourceTree = "<group>"; };
		C0DBC1E91FD6C08100C42DCB /* AFSecurityPolicy.h */ = {isa = PBXFileReference; lastKnownFileType = sourcecode.c.h; path = AFSecurityPolicy.h; sourceTree = "<group>"; };
		C0DBC1EA1FD6C08100C42DCB /* AFSecurityPolicy.m */ = {isa = PBXFileReference; lastKnownFileType = sourcecode.c.objc; path = AFSecurityPolicy.m; sourceTree = "<group>"; };
		C0DBC1EB1FD6C08100C42DCB /* AFURLRequestSerialization.h */ = {isa = PBXFileReference; lastKnownFileType = sourcecode.c.h; path = AFURLRequestSerialization.h; sourceTree = "<group>"; };
		C0DBC1EC1FD6C08100C42DCB /* AFURLRequestSerialization.m */ = {isa = PBXFileReference; lastKnownFileType = sourcecode.c.objc; path = AFURLRequestSerialization.m; sourceTree = "<group>"; };
		C0DBC1ED1FD6C08100C42DCB /* AFURLResponseSerialization.h */ = {isa = PBXFileReference; lastKnownFileType = sourcecode.c.h; path = AFURLResponseSerialization.h; sourceTree = "<group>"; };
		C0DBC1EE1FD6C08100C42DCB /* AFURLResponseSerialization.m */ = {isa = PBXFileReference; lastKnownFileType = sourcecode.c.objc; path = AFURLResponseSerialization.m; sourceTree = "<group>"; };
		C0DBC1EF1FD6C08100C42DCB /* AFURLSessionManager.h */ = {isa = PBXFileReference; lastKnownFileType = sourcecode.c.h; path = AFURLSessionManager.h; sourceTree = "<group>"; };
		C0DBC1F01FD6C08100C42DCB /* AFURLSessionManager.m */ = {isa = PBXFileReference; lastKnownFileType = sourcecode.c.objc; path = AFURLSessionManager.m; sourceTree = "<group>"; };
		C0DBC1F11FD6C08100C42DCB /* LICENSE */ = {isa = PBXFileReference; lastKnownFileType = text; path = LICENSE; sourceTree = "<group>"; };
		C0DBC1F21FD6C08100C42DCB /* README.md */ = {isa = PBXFileReference; lastKnownFileType = net.daringfireball.markdown; path = README.md; sourceTree = "<group>"; };
/* End PBXFileReference section */

/* Begin PBXFrameworksBuildPhase section */
		C0DBC1C61FD6C06F00C42DCB /* Frameworks */ = {
			isa = PBXFrameworksBuildPhase;
			buildActionMask = 2147483647;
			files = (
			);
			runOnlyForDeploymentPostprocessing = 0;
		};
/* End PBXFrameworksBuildPhase section */

/* Begin PBXGroup section */
		C0DBC1C01FD6C06F00C42DCB = {
			isa = PBXGroup;
			children = (
				C0DBC1CB1FD6C06F00C42DCB /* AFNetworkingTest */,
				C0DBC1CA1FD6C06F00C42DCB /* Products */,
			);
			sourceTree = "<group>";
		};
		C0DBC1CA1FD6C06F00C42DCB /* Products */ = {
			isa = PBXGroup;
			children = (
				C0DBC1C91FD6C06F00C42DCB /* AFNetworkingTest.app */,
			);
			name = Products;
			sourceTree = "<group>";
		};
		C0DBC1CB1FD6C06F00C42DCB /* AFNetworkingTest */ = {
			isa = PBXGroup;
			children = (
				C0DBC1E21FD6C08100C42DCB /* AFNetworking */,
				C0DBC1CC1FD6C06F00C42DCB /* AppDelegate.h */,
				C0DBC1CD1FD6C06F00C42DCB /* AppDelegate.m */,
				C0DBC1CF1FD6C06F00C42DCB /* ViewController.h */,
				C0DBC1D01FD6C06F00C42DCB /* ViewController.m */,
				C0DBC1D21FD6C06F00C42DCB /* Main.storyboard */,
				C0DBC1D51FD6C06F00C42DCB /* Assets.xcassets */,
				C0DBC1D71FD6C06F00C42DCB /* LaunchScreen.storyboard */,
				C0DBC1DA1FD6C06F00C42DCB /* Info.plist */,
				C0DBC1DB1FD6C06F00C42DCB /* main.m */,
			);
			path = AFNetworkingTest;
			sourceTree = "<group>";
		};
		C0DBC1E21FD6C08100C42DCB /* AFNetworking */ = {
			isa = PBXGroup;
			children = (
				C0DBC1E31FD6C08100C42DCB /* AFNetworking */,
				C0DBC1F11FD6C08100C42DCB /* LICENSE */,
				C0DBC1F21FD6C08100C42DCB /* README.md */,
			);
			path = AFNetworking;
			sourceTree = "<group>";
		};
		C0DBC1E31FD6C08100C42DCB /* AFNetworking */ = {
			isa = PBXGroup;
			children = (
				C0DBC1E41FD6C08100C42DCB /* AFHTTPSessionManager.h */,
				C0DBC1E51FD6C08100C42DCB /* AFHTTPSessionManager.m */,
				C0DBC1E61FD6C08100C42DCB /* AFNetworking.h */,
				C0DBC1E71FD6C08100C42DCB /* AFNetworkReachabilityManager.h */,
				C0DBC1E81FD6C08100C42DCB /* AFNetworkReachabilityManager.m */,
				C0DBC1E91FD6C08100C42DCB /* AFSecurityPolicy.h */,
				C0DBC1EA1FD6C08100C42DCB /* AFSecurityPolicy.m */,
				C0DBC1EB1FD6C08100C42DCB /* AFURLRequestSerialization.h */,
				C0DBC1EC1FD6C08100C42DCB /* AFURLRequestSerialization.m */,
				C0DBC1ED1FD6C08100C42DCB /* AFURLResponseSerialization.h */,
				C0DBC1EE1FD6C08100C42DCB /* AFURLResponseSerialization.m */,
				C0DBC1EF1FD6C08100C42DCB /* AFURLSessionManager.h */,
				C0DBC1F01FD6C08100C42DCB /* AFURLSessionManager.m */,
			);
			path = AFNetworking;
			sourceTree = "<group>";
		};
/* End PBXGroup section */

/* Begin PBXNativeTarget section */
		C0DBC1C81FD6C06F00C42DCB /* AFNetworkingTest */ = {
			isa = PBXNativeTarget;
			buildConfigurationList = C0DBC1DF1FD6C06F00C42DCB /* Build configuration list for PBXNativeTarget "AFNetworkingTest" */;
			buildPhases = (
				C0DBC1C51FD6C06F00C42DCB /* Sources */,
				C0DBC1C61FD6C06F00C42DCB /* Frameworks */,
				C0DBC1C71FD6C06F00C42DCB /* Resources */,
			);
			buildRules = (
			);
			dependencies = (
			);
			name = AFNetworkingTest;
			productName = AFNetworkingTest;
			productReference = C0DBC1C91FD6C06F00C42DCB /* AFNetworkingTest.app */;
			productType = "com.apple.product-type.application";
		};
/* End PBXNativeTarget section */

/* Begin PBXProject section */
		C0DBC1C11FD6C06F00C42DCB /* Project object */ = {
			isa = PBXProject;
			attributes = {
				LastUpgradeCheck = 0900;
				ORGANIZATIONNAME = "波波";
				TargetAttributes = {
					C0DBC1C81FD6C06F00C42DCB = {
						CreatedOnToolsVersion = 9.0;
						ProvisioningStyle = Automatic;
					};
				};
			};
			buildConfigurationList = C0DBC1C41FD6C06F00C42DCB /* Build configuration list for PBXProject "AFNetworkingTest" */;
			compatibilityVersion = "Xcode 8.0";
			developmentRegion = en;
			hasScannedForEncodings = 0;
			knownRegions = (
				en,
				Base,
			);
			mainGroup = C0DBC1C01FD6C06F00C42DCB;
			productRefGroup = C0DBC1CA1FD6C06F00C42DCB /* Products */;
			projectDirPath = "";
			projectRoot = "";
			targets = (
				C0DBC1C81FD6C06F00C42DCB /* AFNetworkingTest */,
			);
		};
/* End PBXProject section */

/* Begin PBXResourcesBuildPhase section */
		C0DBC1C71FD6C06F00C42DCB /* Resources */ = {
			isa = PBXResourcesBuildPhase;
			buildActionMask = 2147483647;
			files = (
				C0DBC1D91FD6C06F00C42DCB /* LaunchScreen.storyboard in Resources */,
				C0DBC1D61FD6C06F00C42DCB /* Assets.xcassets in Resources */,
				C0DBC1D41FD6C06F00C42DCB /* Main.storyboard in Resources */,
			);
			runOnlyForDeploymentPostprocessing = 0;
		};
/* End PBXResourcesBuildPhase section */

/* Begin PBXSourcesBuildPhase section */
		C0DBC1C51FD6C06F00C42DCB /* Sources */ = {
			isa = PBXSourcesBuildPhase;
			buildActionMask = 2147483647;
			files = (
				C0DBC1D11FD6C06F00C42DCB /* ViewController.m in Sources */,
				C0DBC1DC1FD6C06F00C42DCB /* main.m in Sources */,
				C0DBC1CE1FD6C06F00C42DCB /* AppDelegate.m in Sources */,
			);
			runOnlyForDeploymentPostprocessing = 0;
		};
/* End PBXSourcesBuildPhase section */

/* Begin PBXVariantGroup section */
		C0DBC1D21FD6C06F00C42DCB /* Main.storyboard */ = {
			isa = PBXVariantGroup;
			children = (
				C0DBC1D31FD6C06F00C42DCB /* Base */,
			);
			name = Main.storyboard;
			sourceTree = "<group>";
		};
		C0DBC1D71FD6C06F00C42DCB /* LaunchScreen.storyboard */ = {
			isa = PBXVariantGroup;
			children = (
				C0DBC1D81FD6C06F00C42DCB /* Base */,
			);
			name = LaunchScreen.storyboard;
			sourceTree = "<group>";
		};
/* End PBXVariantGroup section */

/* Begin XCBuildConfiguration section */
		C0DBC1DD1FD6C06F00C42DCB /* Debug */ = {
			isa = XCBuildConfiguration;
			buildSettings = {
				ALWAYS_SEARCH_USER_PATHS = NO;
				CLANG_ANALYZER_NONNULL = YES;
				CLANG_ANALYZER_NUMBER_OBJECT_CONVERSION = YES_AGGRESSIVE;
				CLANG_CXX_LANGUAGE_STANDARD = "gnu++14";
				CLANG_CXX_LIBRARY = "libc++";
				CLANG_ENABLE_MODULES = YES;
				CLANG_ENABLE_OBJC_ARC = YES;
				CLANG_WARN_BLOCK_CAPTURE_AUTORELEASING = YES;
				CLANG_WARN_BOOL_CONVERSION = YES;
				CLANG_WARN_COMMA = YES;
				CLANG_WARN_CONSTANT_CONVERSION = YES;
				CLANG_WARN_DIRECT_OBJC_ISA_USAGE = YES_ERROR;
				CLANG_WARN_DOCUMENTATION_COMMENTS = YES;
				CLANG_WARN_EMPTY_BODY = YES;
				CLANG_WARN_ENUM_CONVERSION = YES;
				CLANG_WARN_INFINITE_RECURSION = YES;
				CLANG_WARN_INT_CONVERSION = YES;
				CLANG_WARN_NON_LITERAL_NULL_CONVERSION = YES;
				CLANG_WARN_OBJC_LITERAL_CONVERSION = YES;
				CLANG_WARN_OBJC_ROOT_CLASS = YES_ERROR;
				CLANG_WARN_RANGE_LOOP_ANALYSIS = YES;
				CLANG_WARN_STRICT_PROTOTYPES = YES;
				CLANG_WARN_SUSPICIOUS_MOVE = YES;
				CLANG_WARN_UNGUARDED_AVAILABILITY = YES_AGGRESSIVE;
				CLANG_WARN_UNREACHABLE_CODE = YES;
				CLANG_WARN__DUPLICATE_METHOD_MATCH = YES;
				CODE_SIGN_IDENTITY = "iPhone Developer";
				COPY_PHASE_STRIP = NO;
				DEBUG_INFORMATION_FORMAT = dwarf;
				ENABLE_STRICT_OBJC_MSGSEND = YES;
				ENABLE_TESTABILITY = YES;
				GCC_C_LANGUAGE_STANDARD = gnu11;
				GCC_DYNAMIC_NO_PIC = NO;
				GCC_NO_COMMON_BLOCKS = YES;
				GCC_OPTIMIZATION_LEVEL = 0;
				GCC_PREPROCESSOR_DEFINITIONS = (
					"DEBUG=1",
					"$(inherited)",
				);
				GCC_WARN_64_TO_32_BIT_CONVERSION = YES;
				GCC_WARN_ABOUT_RETURN_TYPE = YES_ERROR;
				GCC_WARN_UNDECLARED_SELECTOR = YES;
				GCC_WARN_UNINITIALIZED_AUTOS = YES_AGGRESSIVE;
				GCC_WARN_UNUSED_FUNCTION = YES;
				GCC_WARN_UNUSED_VARIABLE = YES;
				IPHONEOS_DEPLOYMENT_TARGET = 11.0;
				MTL_ENABLE_DEBUG_INFO = YES;
				ONLY_ACTIVE_ARCH = YES;
				SDKROOT = iphoneos;
			};
			name = Debug;
		};
		C0DBC1DE1FD6C06F00C42DCB /* Release */ = {
			isa = XCBuildConfiguration;
			buildSettings = {
				ALWAYS_SEARCH_USER_PATHS = NO;
				CLANG_ANALYZER_NONNULL = YES;
				CLANG_ANALYZER_NUMBER_OBJECT_CONVERSION = YES_AGGRESSIVE;
				CLANG_CXX_LANGUAGE_STANDARD = "gnu++14";
				CLANG_CXX_LIBRARY = "libc++";
				CLANG_ENABLE_MODULES = YES;
				CLANG_ENABLE_OBJC_ARC = YES;
				CLANG_WARN_BLOCK_CAPTURE_AUTORELEASING = YES;
				CLANG_WARN_BOOL_CONVERSION = YES;
				CLANG_WARN_COMMA = YES;
				CLANG_WARN_CONSTANT_CONVERSION = YES;
				CLANG_WARN_DIRECT_OBJC_ISA_USAGE = YES_ERROR;
				CLANG_WARN_DOCUMENTATION_COMMENTS = YES;
				CLANG_WARN_EMPTY_BODY = YES;
				CLANG_WARN_ENUM_CONVERSION = YES;
				CLANG_WARN_INFINITE_RECURSION = YES;
				CLANG_WARN_INT_CONVERSION = YES;
				CLANG_WARN_NON_LITERAL_NULL_CONVERSION = YES;
				CLANG_WARN_OBJC_LITERAL_CONVERSION = YES;
				CLANG_WARN_OBJC_ROOT_CLASS = YES_ERROR;
				CLANG_WARN_RANGE_LOOP_ANALYSIS = YES;
				CLANG_WARN_STRICT_PROTOTYPES = YES;
				CLANG_WARN_SUSPICIOUS_MOVE = YES;
				CLANG_WARN_UNGUARDED_AVAILABILITY = YES_AGGRESSIVE;
				CLANG_WARN_UNREACHABLE_CODE = YES;
				CLANG_WARN__DUPLICATE_METHOD_MATCH = YES;
				CODE_SIGN_IDENTITY = "iPhone Developer";
				COPY_PHASE_STRIP = NO;
				DEBUG_INFORMATION_FORMAT = "dwarf-with-dsym";
				ENABLE_NS_ASSERTIONS = NO;
				ENABLE_STRICT_OBJC_MSGSEND = YES;
				GCC_C_LANGUAGE_STANDARD = gnu11;
				GCC_NO_COMMON_BLOCKS = YES;
				GCC_WARN_64_TO_32_BIT_CONVERSION = YES;
				GCC_WARN_ABOUT_RETURN_TYPE = YES_ERROR;
				GCC_WARN_UNDECLARED_SELECTOR = YES;
				GCC_WARN_UNINITIALIZED_AUTOS = YES_AGGRESSIVE;
				GCC_WARN_UNUSED_FUNCTION = YES;
				GCC_WARN_UNUSED_VARIABLE = YES;
				IPHONEOS_DEPLOYMENT_TARGET = 11.0;
				MTL_ENABLE_DEBUG_INFO = NO;
				SDKROOT = iphoneos;
				VALIDATE_PRODUCT = YES;
			};
			name = Release;
		};
		C0DBC1E01FD6C06F00C42DCB /* Debug */ = {
			isa = XCBuildConfiguration;
			buildSettings = {
				ASSETCATALOG_COMPILER_APPICON_NAME = AppIcon;
				CODE_SIGN_STYLE = Automatic;
				INFOPLIST_FILE = AFNetworkingTest/Info.plist;
				LD_RUNPATH_SEARCH_PATHS = "$(inherited) @executable_path/Frameworks";
				PRODUCT_BUNDLE_IDENTIFIER = com.bobo.www.AFNetworkingTest;
				PRODUCT_NAME = "$(TARGET_NAME)";
				TARGETED_DEVICE_FAMILY = "1,2";
			};
			name = Debug;
		};
		C0DBC1E11FD6C06F00C42DCB /* Release */ = {
			isa = XCBuildConfiguration;
			buildSettings = {
				ASSETCATALOG_COMPILER_APPICON_NAME = AppIcon;
				CODE_SIGN_STYLE = Automatic;
				INFOPLIST_FILE = AFNetworkingTest/Info.plist;
				LD_RUNPATH_SEARCH_PATHS = "$(inherited) @executable_path/Frameworks";
				PRODUCT_BUNDLE_IDENTIFIER = com.bobo.www.AFNetworkingTest;
				PRODUCT_NAME = "$(TARGET_NAME)";
				TARGETED_DEVICE_FAMILY = "1,2";
			};
			name = Release;
		};
/* End XCBuildConfiguration section */

/* Begin XCConfigurationList section */
		C0DBC1C41FD6C06F00C42DCB /* Build configuration list for PBXProject "AFNetworkingTest" */ = {
			isa = XCConfigurationList;
			buildConfigurations = (
				C0DBC1DD1FD6C06F00C42DCB /* Debug */,
				C0DBC1DE1FD6C06F00C42DCB /* Release */,
			);
			defaultConfigurationIsVisible = 0;
			defaultConfigurationName = Release;
		};
		C0DBC1DF1FD6C06F00C42DCB /* Build configuration list for PBXNativeTarget "AFNetworkingTest" */ = {
			isa = XCConfigurationList;
			buildConfigurations = (
				C0DBC1E01FD6C06F00C42DCB /* Debug */,
				C0DBC1E11FD6C06F00C42DCB /* Release */,
			);
			defaultConfigurationIsVisible = 0;
			defaultConfigurationName = Release;
		};
/* End XCConfigurationList section */
	};
	rootObject = C0DBC1C11FD6C06F00C42DCB /* Project object */;
}
