// !$*UTF8*$!
{
	archiveVersion = 1;
	classes = {
	};
	objectVersion = 46;
	objects = {

/* Begin PBXBuildFile section */
		7B76E3311DDBF9E4008F344A /* main.m in Sources */ = {isa = PBXBuildFile; fileRef = 7B76E3301DDBF9E4008F344A /* main.m */; };
		7B76E3341DDBF9E4008F344A /* AppDelegate.m in Sources */ = {isa = PBXBuildFile; fileRef = 7B76E3331DDBF9E4008F344A /* AppDelegate.m */; };
		7B76E3371DDBF9E4008F344A /* ViewController.m in Sources */ = {isa = PBXBuildFile; fileRef = 7B76E3361DDBF9E4008F344A /* ViewController.m */; };
		7B76E33A1DDBF9E4008F344A /* Main.storyboard in Resources */ = {isa = PBXBuildFile; fileRef = 7B76E3381DDBF9E4008F344A /* Main.storyboard */; };
		7B76E33C1DDBF9E4008F344A /* Assets.xcassets in Resources */ = {isa = PBXBuildFile; fileRef = 7B76E33B1DDBF9E4008F344A /* Assets.xcassets */; };
		7B76E33F1DDBF9E4008F344A /* LaunchScreen.storyboard in Resources */ = {isa = PBXBuildFile; fileRef = 7B76E33D1DDBF9E4008F344A /* LaunchScreen.storyboard */; };
/* End PBXBuildFile section */

/* Begin PBXFileReference section */
		7B76E32C1DDBF9E4008F344A /* 字体使用.app */ = {isa = PBXFileReference; explicitFileType = wrapper.application; includeInIndex = 0; path = "字体使用.app"; sourceTree = BUILT_PRODUCTS_DIR; };
		7B76E3301DDBF9E4008F344A /* main.m */ = {isa = PBXFileReference; lastKnownFileType = sourcecode.c.objc; path = main.m; sourceTree = "<group>"; };
		7B76E3321DDBF9E4008F344A /* AppDelegate.h */ = {isa = PBXFileReference; lastKnownFileType = sourcecode.c.h; path = AppDelegate.h; sourceTree = "<group>"; };
		7B76E3331DDBF9E4008F344A /* AppDelegate.m */ = {isa = PBXFileReference; lastKnownFileType = sourcecode.c.objc; path = AppDelegate.m; sourceTree = "<group>"; };
		7B76E3351DDBF9E4008F344A /* ViewController.h */ = {isa = PBXFileReference; lastKnownFileType = sourcecode.c.h; path = ViewController.h; sourceTree = "<group>"; };
		7B76E3361DDBF9E4008F344A /* ViewController.m */ = {isa = PBXFileReference; lastKnownFileType = sourcecode.c.objc; path = ViewController.m; sourceTree = "<group>"; };
		7B76E3391DDBF9E4008F344A /* Base */ = {isa = PBXFileReference; lastKnownFileType = file.storyboard; name = Base; path = Base.lproj/Main.storyboard; sourceTree = "<group>"; };
		7B76E33B1DDBF9E4008F344A /* Assets.xcassets */ = {isa = PBXFileReference; lastKnownFileType = folder.assetcatalog; path = Assets.xcassets; sourceTree = "<group>"; };
		7B76E33E1DDBF9E4008F344A /* Base */ = {isa = PBXFileReference; lastKnownFileType = file.storyboard; name = Base; path = Base.lproj/LaunchScreen.storyboard; sourceTree = "<group>"; };
		7B76E3401DDBF9E4008F344A /* Info.plist */ = {isa = PBXFileReference; lastKnownFileType = text.plist.xml; path = Info.plist; sourceTree = "<group>"; };
/* End PBXFileReference section */

/* Begin PBXFrameworksBuildPhase section */
		7B76E3291DDBF9E4008F344A /* Frameworks */ = {
			isa = PBXFrameworksBuildPhase;
			buildActionMask = 2147483647;
			files = (
			);
			runOnlyForDeploymentPostprocessing = 0;
		};
/* End PBXFrameworksBuildPhase section */

/* Begin PBXGroup section */
		7B76E3231DDBF9E4008F344A = {
			isa = PBXGroup;
			children = (
				7B76E32E1DDBF9E4008F344A /* 字体使用 */,
				7B76E32D1DDBF9E4008F344A /* Products */,
			);
			sourceTree = "<group>";
		};
		7B76E32D1DDBF9E4008F344A /* Products */ = {
			isa = PBXGroup;
			children = (
				7B76E32C1DDBF9E4008F344A /* 字体使用.app */,
			);
			name = Products;
			sourceTree = "<group>";
		};
		7B76E32E1DDBF9E4008F344A /* 字体使用 */ = {
			isa = PBXGroup;
			children = (
				7B76E3321DDBF9E4008F344A /* AppDelegate.h */,
				7B76E3331DDBF9E4008F344A /* AppDelegate.m */,
				7B76E3351DDBF9E4008F344A /* ViewController.h */,
				7B76E3361DDBF9E4008F344A /* ViewController.m */,
				7B76E3381DDBF9E4008F344A /* Main.storyboard */,
				7B76E33B1DDBF9E4008F344A /* Assets.xcassets */,
				7B76E33D1DDBF9E4008F344A /* LaunchScreen.storyboard */,
				7B76E3401DDBF9E4008F344A /* Info.plist */,
				7B76E32F1DDBF9E4008F344A /* Supporting Files */,
			);
			path = "字体使用";
			sourceTree = "<group>";
		};
		7B76E32F1DDBF9E4008F344A /* Supporting Files */ = {
			isa = PBXGroup;
			children = (
				7B76E3301DDBF9E4008F344A /* main.m */,
			);
			name = "Supporting Files";
			sourceTree = "<group>";
		};
/* End PBXGroup section */

/* Begin PBXNativeTarget section */
		7B76E32B1DDBF9E4008F344A /* 字体使用 */ = {
			isa = PBXNativeTarget;
			buildConfigurationList = 7B76E3431DDBF9E4008F344A /* Build configuration list for PBXNativeTarget "字体使用" */;
			buildPhases = (
				7B76E3281DDBF9E4008F344A /* Sources */,
				7B76E3291DDBF9E4008F344A /* Frameworks */,
				7B76E32A1DDBF9E4008F344A /* Resources */,
			);
			buildRules = (
			);
			dependencies = (
			);
			name = "字体使用";
			productName = "字体使用";
			productReference = 7B76E32C1DDBF9E4008F344A /* 字体使用.app */;
			productType = "com.apple.product-type.application";
		};
/* End PBXNativeTarget section */

/* Begin PBXProject section */
		7B76E3241DDBF9E4008F344A /* Project object */ = {
			isa = PBXProject;
			attributes = {
				LastUpgradeCheck = 0800;
				ORGANIZATIONNAME = "小码哥";
				TargetAttributes = {
					7B76E32B1DDBF9E4008F344A = {
						CreatedOnToolsVersion = 8.0;
						DevelopmentTeam = QJ63U2KMW4;
						ProvisioningStyle = Automatic;
					};
				};
			};
			buildConfigurationList = 7B76E3271DDBF9E4008F344A /* Build configuration list for PBXProject "字体使用" */;
			compatibilityVersion = "Xcode 3.2";
			developmentRegion = English;
			hasScannedForEncodings = 0;
			knownRegions = (
				en,
				Base,
			);
			mainGroup = 7B76E3231DDBF9E4008F344A;
			productRefGroup = 7B76E32D1DDBF9E4008F344A /* Products */;
			projectDirPath = "";
			projectRoot = "";
			targets = (
				7B76E32B1DDBF9E4008F344A /* 字体使用 */,
			);
		};
/* End PBXProject section */

/* Begin PBXResourcesBuildPhase section */
		7B76E32A1DDBF9E4008F344A /* Resources */ = {
			isa = PBXResourcesBuildPhase;
			buildActionMask = 2147483647;
			files = (
				7B76E33F1DDBF9E4008F344A /* LaunchScreen.storyboard in Resources */,
				7B76E33C1DDBF9E4008F344A /* Assets.xcassets in Resources */,
				7B76E33A1DDBF9E4008F344A /* Main.storyboard in Resources */,
			);
			runOnlyForDeploymentPostprocessing = 0;
		};
/* End PBXResourcesBuildPhase section */

/* Begin PBXSourcesBuildPhase section */
		7B76E3281DDBF9E4008F344A /* Sources */ = {
			isa = PBXSourcesBuildPhase;
			buildActionMask = 2147483647;
			files = (
				7B76E3371DDBF9E4008F344A /* ViewController.m in Sources */,
				7B76E3341DDBF9E4008F344A /* AppDelegate.m in Sources */,
				7B76E3311DDBF9E4008F344A /* main.m in Sources */,
			);
			runOnlyForDeploymentPostprocessing = 0;
		};
/* End PBXSourcesBuildPhase section */

/* Begin PBXVariantGroup section */
		7B76E3381DDBF9E4008F344A /* Main.storyboard */ = {
			isa = PBXVariantGroup;
			children = (
				7B76E3391DDBF9E4008F344A /* Base */,
			);
			name = Main.storyboard;
			sourceTree = "<group>";
		};
		7B76E33D1DDBF9E4008F344A /* LaunchScreen.storyboard */ = {
			isa = PBXVariantGroup;
			children = (
				7B76E33E1DDBF9E4008F344A /* Base */,
			);
			name = LaunchScreen.storyboard;
			sourceTree = "<group>";
		};
/* End PBXVariantGroup section */

/* Begin XCBuildConfiguration section */
		7B76E3411DDBF9E4008F344A /* Debug */ = {
			isa = XCBuildConfiguration;
			buildSettings = {
				ALWAYS_SEARCH_USER_PATHS = NO;
				CLANG_ANALYZER_NONNULL = YES;
				CLANG_CXX_LANGUAGE_STANDARD = "gnu++0x";
				CLANG_CXX_LIBRARY = "libc++";
				CLANG_ENABLE_MODULES = YES;
				CLANG_ENABLE_OBJC_ARC = YES;
				CLANG_WARN_BOOL_CONVERSION = YES;
				CLANG_WARN_CONSTANT_CONVERSION = YES;
				CLANG_WARN_DIRECT_OBJC_ISA_USAGE = YES_ERROR;
				CLANG_WARN_DOCUMENTATION_COMMENTS = YES;
				CLANG_WARN_EMPTY_BODY = YES;
				CLANG_WARN_ENUM_CONVERSION = YES;
				CLANG_WARN_INFINITE_RECURSION = YES;
				CLANG_WARN_INT_CONVERSION = YES;
				CLANG_WARN_OBJC_ROOT_CLASS = YES_ERROR;
				CLANG_WARN_SUSPICIOUS_MOVES = YES;
				CLANG_WARN_UNREACHABLE_CODE = YES;
				CLANG_WARN__DUPLICATE_METHOD_MATCH = YES;
				"CODE_SIGN_IDENTITY[sdk=iphoneos*]" = "iPhone Developer";
				COPY_PHASE_STRIP = NO;
				DEBUG_INFORMATION_FORMAT = dwarf;
				ENABLE_STRICT_OBJC_MSGSEND = YES;
				ENABLE_TESTABILITY = YES;
				GCC_C_LANGUAGE_STANDARD = gnu99;
				GCC_DYNAMIC_NO_PIC = NO;
				GCC_NO_COMMON_BLOCKS = YES;
				GCC_OPTIMIZATION_LEVEL = 0;
				GCC_PREPROCESSOR_DEFINITIONS = (
					"DEBUG=1",
					"$(inherited)",
				);
				GCC_WARN_64_TO_32_BIT_CONVERSION = YES;
				GCC_WARN_ABOUT_RETURN_TYPE = YES_ERROR;
				GCC_WARN_UNDECLARED_SELECTOR = YES;
				GCC_WARN_UNINITIALIZED_AUTOS = YES_AGGRESSIVE;
				GCC_WARN_UNUSED_FUNCTION = YES;
				GCC_WARN_UNUSED_VARIABLE = YES;
				IPHONEOS_DEPLOYMENT_TARGET = 10.0;
				MTL_ENABLE_DEBUG_INFO = YES;
				ONLY_ACTIVE_ARCH = YES;
				SDKROOT = iphoneos;
			};
			name = Debug;
		};
		7B76E3421DDBF9E4008F344A /* Release */ = {
			isa = XCBuildConfiguration;
			buildSettings = {
				ALWAYS_SEARCH_USER_PATHS = NO;
				CLANG_ANALYZER_NONNULL = YES;
				CLANG_CXX_LANGUAGE_STANDARD = "gnu++0x";
				CLANG_CXX_LIBRARY = "libc++";
				CLANG_ENABLE_MODULES = YES;
				CLANG_ENABLE_OBJC_ARC = YES;
				CLANG_WARN_BOOL_CONVERSION = YES;
				CLANG_WARN_CONSTANT_CONVERSION = YES;
				CLANG_WARN_DIRECT_OBJC_ISA_USAGE = YES_ERROR;
				CLANG_WARN_DOCUMENTATION_COMMENTS = YES;
				CLANG_WARN_EMPTY_BODY = YES;
				CLANG_WARN_ENUM_CONVERSION = YES;
				CLANG_WARN_INFINITE_RECURSION = YES;
				CLANG_WARN_INT_CONVERSION = YES;
				CLANG_WARN_OBJC_ROOT_CLASS = YES_ERROR;
				CLANG_WARN_SUSPICIOUS_MOVES = YES;
				CLANG_WARN_UNREACHABLE_CODE = YES;
				CLANG_WARN__DUPLICATE_METHOD_MATCH = YES;
				"CODE_SIGN_IDENTITY[sdk=iphoneos*]" = "iPhone Developer";
				COPY_PHASE_STRIP = NO;
				DEBUG_INFORMATION_FORMAT = "dwarf-with-dsym";
				ENABLE_NS_ASSERTIONS = NO;
				ENABLE_STRICT_OBJC_MSGSEND = YES;
				GCC_C_LANGUAGE_STANDARD = gnu99;
				GCC_NO_COMMON_BLOCKS = YES;
				GCC_WARN_64_TO_32_BIT_CONVERSION = YES;
				GCC_WARN_ABOUT_RETURN_TYPE = YES_ERROR;
				GCC_WARN_UNDECLARED_SELECTOR = YES;
				GCC_WARN_UNINITIALIZED_AUTOS = YES_AGGRESSIVE;
				GCC_WARN_UNUSED_FUNCTION = YES;
				GCC_WARN_UNUSED_VARIABLE = YES;
				IPHONEOS_DEPLOYMENT_TARGET = 10.0;
				MTL_ENABLE_DEBUG_INFO = NO;
				SDKROOT = iphoneos;
				VALIDATE_PRODUCT = YES;
			};
			name = Release;
		};
		7B76E3441DDBF9E4008F344A /* Debug */ = {
			isa = XCBuildConfiguration;
			buildSettings = {
				ASSETCATALOG_COMPILER_APPICON_NAME = AppIcon;
				DEVELOPMENT_TEAM = QJ63U2KMW4;
				INFOPLIST_FILE = "字体使用/Info.plist";
				IPHONEOS_DEPLOYMENT_TARGET = 8.0;
				LD_RUNPATH_SEARCH_PATHS = "$(inherited) @executable_path/Frameworks";
				PRODUCT_BUNDLE_IDENTIFIER = "com.520it.----";
				PRODUCT_NAME = "$(TARGET_NAME)";
			};
			name = Debug;
		};
		7B76E3451DDBF9E4008F344A /* Release */ = {
			isa = XCBuildConfiguration;
			buildSettings = {
				ASSETCATALOG_COMPILER_APPICON_NAME = AppIcon;
				DEVELOPMENT_TEAM = QJ63U2KMW4;
				INFOPLIST_FILE = "字体使用/Info.plist";
				IPHONEOS_DEPLOYMENT_TARGET = 8.0;
				LD_RUNPATH_SEARCH_PATHS = "$(inherited) @executable_path/Frameworks";
				PRODUCT_BUNDLE_IDENTIFIER = "com.520it.----";
				PRODUCT_NAME = "$(TARGET_NAME)";
			};
			name = Release;
		};
/* End XCBuildConfiguration section */

/* Begin XCConfigurationList section */
		7B76E3271DDBF9E4008F344A /* Build configuration list for PBXProject "字体使用" */ = {
			isa = XCConfigurationList;
			buildConfigurations = (
				7B76E3411DDBF9E4008F344A /* Debug */,
				7B76E3421DDBF9E4008F344A /* Release */,
			);
			defaultConfigurationIsVisible = 0;
			defaultConfigurationName = Release;
		};
		7B76E3431DDBF9E4008F344A /* Build configuration list for PBXNativeTarget "字体使用" */ = {
			isa = XCConfigurationList;
			buildConfigurations = (
				7B76E3441DDBF9E4008F344A /* Debug */,
				7B76E3451DDBF9E4008F344A /* Release */,
			);
			defaultConfigurationIsVisible = 0;
		};
/* End XCConfigurationList section */
	};
	rootObject = 7B76E3241DDBF9E4008F344A /* Project object */;
}
